// !$*UTF8*$!
{
	archiveVersion = 1;
	classes = {
	};
	objectVersion = 56;
	objects = {

/* Begin PBXBuildFile section */
		182AE4792D87DA9D00B97BEA /* AppDelegate.swift in Sources */ = {isa = PBXBuildFile; fileRef = 182AE4782D87DA9D00B97BEA /* AppDelegate.swift */; };
		182AE47B2D87DA9D00B97BEA /* SceneDelegate.swift in Sources */ = {isa = PBXBuildFile; fileRef = 182AE47A2D87DA9D00B97BEA /* SceneDelegate.swift */; };
		182AE47D2D87DA9D00B97BEA /* ViewController.swift in Sources */ = {isa = PBXBuildFile; fileRef = 182AE47C2D87DA9D00B97BEA /* ViewController.swift */; };
		182AE4802D87DA9D00B97BEA /* Main.storyboard in Resources */ = {isa = PBXBuildFile; fileRef = 182AE47E2D87DA9D00B97BEA /* Main.storyboard */; };
		182AE4822D87DA9F00B97BEA /* Assets.xcassets in Resources */ = {isa = PBXBuildFile; fileRef = 182AE4812D87DA9F00B97BEA /* Assets.xcassets */; };
		182AE4852D87DA9F00B97BEA /* LaunchScreen.storyboard in Resources */ = {isa = PBXBuildFile; fileRef = 182AE4832D87DA9F00B97BEA /* LaunchScreen.storyboard */; };
		182AE4902D87DA9F00B97BEA /* TestGitBotTests.swift in Sources */ = {isa = PBXBuildFile; fileRef = 182AE48F2D87DA9F00B97BEA /* TestGitBotTests.swift */; };
		182AE49A2D87DA9F00B97BEA /* TestGitBotUITests.swift in Sources */ = {isa = PBXBuildFile; fileRef = 182AE4992D87DA9F00B97BEA /* TestGitBotUITests.swift */; };
		182AE49C2D87DA9F00B97BEA /* TestGitBotUITestsLaunchTests.swift in Sources */ = {isa = PBXBuildFile; fileRef = 182AE49B2D87DA9F00B97BEA /* TestGitBotUITestsLaunchTests.swift */; };
/* End PBXBuildFile section */

/* Begin PBXContainerItemProxy section */
		182AE48C2D87DA9F00B97BEA /* PBXContainerItemProxy */ = {
			isa = PBXContainerItemProxy;
			containerPortal = 182AE46D2D87DA9D00B97BEA /* Project object */;
			proxyType = 1;
			remoteGlobalIDString = 182AE4742D87DA9D00B97BEA;
			remoteInfo = TestGitBot;
		};
		182AE4962D87DA9F00B97BEA /* PBXContainerItemProxy */ = {
			isa = PBXContainerItemProxy;
			containerPortal = 182AE46D2D87DA9D00B97BEA /* Project object */;
			proxyType = 1;
			remoteGlobalIDString = 182AE4742D87DA9D00B97BEA;
			remoteInfo = TestGitBot;
		};
/* End PBXContainerItemProxy section */

/* Begin PBXFileReference section */
		182AE4752D87DA9D00B97BEA /* TestGitBot.app */ = {isa = PBXFileReference; explicitFileType = wrapper.application; includeInIndex = 0; path = TestGitBot.app; sourceTree = BUILT_PRODUCTS_DIR; };
		182AE4782D87DA9D00B97BEA /* AppDelegate.swift */ = {isa = PBXFileReference; lastKnownFileType = sourcecode.swift; path = AppDelegate.swift; sourceTree = "<group>"; };
		182AE47A2D87DA9D00B97BEA /* SceneDelegate.swift */ = {isa = PBXFileReference; lastKnownFileType = sourcecode.swift; path = SceneDelegate.swift; sourceTree = "<group>"; };
		182AE47C2D87DA9D00B97BEA /* ViewController.swift */ = {isa = PBXFileReference; lastKnownFileType = sourcecode.swift; path = ViewController.swift; sourceTree = "<group>"; };
		182AE47F2D87DA9D00B97BEA /* Base */ = {isa = PBXFileReference; lastKnownFileType = file.storyboard; name = Base; path = Base.lproj/Main.storyboard; sourceTree = "<group>"; };
		182AE4812D87DA9F00B97BEA /* Assets.xcassets */ = {isa = PBXFileReference; lastKnownFileType = folder.assetcatalog; path = Assets.xcassets; sourceTree = "<group>"; };
		182AE4842D87DA9F00B97BEA /* Base */ = {isa = PBXFileReference; lastKnownFileType = file.storyboard; name = Base; path = Base.lproj/LaunchScreen.storyboard; sourceTree = "<group>"; };
		182AE4862D87DA9F00B97BEA /* Info.plist */ = {isa = PBXFileReference; lastKnownFileType = text.plist.xml; path = Info.plist; sourceTree = "<group>"; };
		182AE48B2D87DA9F00B97BEA /* TestGitBotTests.xctest */ = {isa = PBXFileReference; explicitFileType = wrapper.cfbundle; includeInIndex = 0; path = TestGitBotTests.xctest; sourceTree = BUILT_PRODUCTS_DIR; };
		182AE48F2D87DA9F00B97BEA /* TestGitBotTests.swift */ = {isa = PBXFileReference; lastKnownFileType = sourcecode.swift; path = TestGitBotTests.swift; sourceTree = "<group>"; };
		182AE4952D87DA9F00B97BEA /* TestGitBotUITests.xctest */ = {isa = PBXFileReference; explicitFileType = wrapper.cfbundle; includeInIndex = 0; path = TestGitBotUITests.xctest; sourceTree = BUILT_PRODUCTS_DIR; };
		182AE4992D87DA9F00B97BEA /* TestGitBotUITests.swift */ = {isa = PBXFileReference; lastKnownFileType = sourcecode.swift; path = TestGitBotUITests.swift; sourceTree = "<group>"; };
		182AE49B2D87DA9F00B97BEA /* TestGitBotUITestsLaunchTests.swift */ = {isa = PBXFileReference; lastKnownFileType = sourcecode.swift; path = TestGitBotUITestsLaunchTests.swift; sourceTree = "<group>"; };
/* End PBXFileReference section */

/* Begin PBXFrameworksBuildPhase section */
		182AE4722D87DA9D00B97BEA /* Frameworks */ = {
			isa = PBXFrameworksBuildPhase;
			buildActionMask = 2147483647;
			files = (
			);
			runOnlyForDeploymentPostprocessing = 0;
		};
		182AE4882D87DA9F00B97BEA /* Frameworks */ = {
			isa = PBXFrameworksBuildPhase;
			buildActionMask = 2147483647;
			files = (
			);
			runOnlyForDeploymentPostprocessing = 0;
		};
		182AE4922D87DA9F00B97BEA /* Frameworks */ = {
			isa = PBXFrameworksBuildPhase;
			buildActionMask = 2147483647;
			files = (
			);
			runOnlyForDeploymentPostprocessing = 0;
		};
/* End PBXFrameworksBuildPhase section */

/* Begin PBXGroup section */
		182AE46C2D87DA9D00B97BEA = {
			isa = PBXGroup;
			children = (
				182AE4772D87DA9D00B97BEA /* TestGitBot */,
				182AE48E2D87DA9F00B97BEA /* TestGitBotTests */,
				182AE4982D87DA9F00B97BEA /* TestGitBotUITests */,
				182AE4762D87DA9D00B97BEA /* Products */,
			);
			sourceTree = "<group>";
		};
		182AE4762D87DA9D00B97BEA /* Products */ = {
			isa = PBXGroup;
			children = (
				182AE4752D87DA9D00B97BEA /* TestGitBot.app */,
				182AE48B2D87DA9F00B97BEA /* TestGitBotTests.xctest */,
				182AE4952D87DA9F00B97BEA /* TestGitBotUITests.xctest */,
			);
			name = Products;
			sourceTree = "<group>";
		};
		182AE4772D87DA9D00B97BEA /* TestGitBot */ = {
			isa = PBXGroup;
			children = (
				182AE4782D87DA9D00B97BEA /* AppDelegate.swift */,
				182AE47A2D87DA9D00B97BEA /* SceneDelegate.swift */,
				182AE47C2D87DA9D00B97BEA /* ViewController.swift */,
				182AE47E2D87DA9D00B97BEA /* Main.storyboard */,
				182AE4812D87DA9F00B97BEA /* Assets.xcassets */,
				182AE4832D87DA9F00B97BEA /* LaunchScreen.storyboard */,
				182AE4862D87DA9F00B97BEA /* Info.plist */,
			);
			path = TestGitBot;
			sourceTree = "<group>";
		};
		182AE48E2D87DA9F00B97BEA /* TestGitBotTests */ = {
			isa = PBXGroup;
			children = (
				182AE48F2D87DA9F00B97BEA /* TestGitBotTests.swift */,
			);
			path = TestGitBotTests;
			sourceTree = "<group>";
		};
		182AE4982D87DA9F00B97BEA /* TestGitBotUITests */ = {
			isa = PBXGroup;
			children = (
				182AE4992D87DA9F00B97BEA /* TestGitBotUITests.swift */,
				182AE49B2D87DA9F00B97BEA /* TestGitBotUITestsLaunchTests.swift */,
			);
			path = TestGitBotUITests;
			sourceTree = "<group>";
		};
/* End PBXGroup section */

/* Begin PBXNativeTarget section */
		182AE4742D87DA9D00B97BEA /* TestGitBot */ = {
			isa = PBXNativeTarget;
			buildConfigurationList = 182AE49F2D87DA9F00B97BEA /* Build configuration list for PBXNativeTarget "TestGitBot" */;
			buildPhases = (
				182AE4712D87DA9D00B97BEA /* Sources */,
				182AE4722D87DA9D00B97BEA /* Frameworks */,
				182AE4732D87DA9D00B97BEA /* Resources */,
			);
			buildRules = (
			);
			dependencies = (
			);
			name = TestGitBot;
			productName = TestGitBot;
			productReference = 182AE4752D87DA9D00B97BEA /* TestGitBot.app */;
			productType = "com.apple.product-type.application";
		};
		182AE48A2D87DA9F00B97BEA /* TestGitBotTests */ = {
			isa = PBXNativeTarget;
			buildConfigurationList = 182AE4A22D87DA9F00B97BEA /* Build configuration list for PBXNativeTarget "TestGitBotTests" */;
			buildPhases = (
				182AE4872D87DA9F00B97BEA /* Sources */,
				182AE4882D87DA9F00B97BEA /* Frameworks */,
				182AE4892D87DA9F00B97BEA /* Resources */,
			);
			buildRules = (
			);
			dependencies = (
				182AE48D2D87DA9F00B97BEA /* PBXTargetDependency */,
			);
			name = TestGitBotTests;
			productName = TestGitBotTests;
			productReference = 182AE48B2D87DA9F00B97BEA /* TestGitBotTests.xctest */;
			productType = "com.apple.product-type.bundle.unit-test";
		};
		182AE4942D87DA9F00B97BEA /* TestGitBotUITests */ = {
			isa = PBXNativeTarget;
			buildConfigurationList = 182AE4A52D87DA9F00B97BEA /* Build configuration list for PBXNativeTarget "TestGitBotUITests" */;
			buildPhases = (
				182AE4912D87DA9F00B97BEA /* Sources */,
				182AE4922D87DA9F00B97BEA /* Frameworks */,
				182AE4932D87DA9F00B97BEA /* Resources */,
			);
			buildRules = (
			);
			dependencies = (
				182AE4972D87DA9F00B97BEA /* PBXTargetDependency */,
			);
			name = TestGitBotUITests;
			productName = TestGitBotUITests;
			productReference = 182AE4952D87DA9F00B97BEA /* TestGitBotUITests.xctest */;
			productType = "com.apple.product-type.bundle.ui-testing";
		};
/* End PBXNativeTarget section */

/* Begin PBXProject section */
		182AE46D2D87DA9D00B97BEA /* Project object */ = {
			isa = PBXProject;
			attributes = {
				BuildIndependentTargetsInParallel = 1;
				LastSwiftUpdateCheck = 1520;
				LastUpgradeCheck = 1520;
				TargetAttributes = {
					182AE4742D87DA9D00B97BEA = {
						CreatedOnToolsVersion = 15.2;
					};
					182AE48A2D87DA9F00B97BEA = {
						CreatedOnToolsVersion = 15.2;
						TestTargetID = 182AE4742D87DA9D00B97BEA;
					};
					182AE4942D87DA9F00B97BEA = {
						CreatedOnToolsVersion = 15.2;
						TestTargetID = 182AE4742D87DA9D00B97BEA;
					};
				};
			};
			buildConfigurationList = 182AE4702D87DA9D00B97BEA /* Build configuration list for PBXProject "TestGitBot" */;
			compatibilityVersion = "Xcode 14.0";
			developmentRegion = en;
			hasScannedForEncodings = 0;
			knownRegions = (
				en,
				Base,
			);
			mainGroup = 182AE46C2D87DA9D00B97BEA;
			productRefGroup = 182AE4762D87DA9D00B97BEA /* Products */;
			projectDirPath = "";
			projectRoot = "";
			targets = (
				182AE4742D87DA9D00B97BEA /* TestGitBot */,
				182AE48A2D87DA9F00B97BEA /* TestGitBotTests */,
				182AE4942D87DA9F00B97BEA /* TestGitBotUITests */,
			);
		};
/* End PBXProject section */

/* Begin PBXResourcesBuildPhase section */
		182AE4732D87DA9D00B97BEA /* Resources */ = {
			isa = PBXResourcesBuildPhase;
			buildActionMask = 2147483647;
			files = (
				182AE4852D87DA9F00B97BEA /* LaunchScreen.storyboard in Resources */,
				182AE4822D87DA9F00B97BEA /* Assets.xcassets in Resources */,
				182AE4802D87DA9D00B97BEA /* Main.storyboard in Resources */,
			);
			runOnlyForDeploymentPostprocessing = 0;
		};
		182AE4892D87DA9F00B97BEA /* Resources */ = {
			isa = PBXResourcesBuildPhase;
			buildActionMask = 2147483647;
			files = (
			);
			runOnlyForDeploymentPostprocessing = 0;
		};
		182AE4932D87DA9F00B97BEA /* Resources */ = {
			isa = PBXResourcesBuildPhase;
			buildActionMask = 2147483647;
			files = (
			);
			runOnlyForDeploymentPostprocessing = 0;
		};
/* End PBXResourcesBuildPhase section */

/* Begin PBXSourcesBuildPhase section */
		182AE4712D87DA9D00B97BEA /* Sources */ = {
			isa = PBXSourcesBuildPhase;
			buildActionMask = 2147483647;
			files = (
				182AE47D2D87DA9D00B97BEA /* ViewController.swift in Sources */,
				182AE4792D87DA9D00B97BEA /* AppDelegate.swift in Sources */,
				182AE47B2D87DA9D00B97BEA /* SceneDelegate.swift in Sources */,
			);
			runOnlyForDeploymentPostprocessing = 0;
		};
		182AE4872D87DA9F00B97BEA /* Sources */ = {
			isa = PBXSourcesBuildPhase;
			buildActionMask = 2147483647;
			files = (
				182AE4902D87DA9F00B97BEA /* TestGitBotTests.swift in Sources */,
			);
			runOnlyForDeploymentPostprocessing = 0;
		};
		182AE4912D87DA9F00B97BEA /* Sources */ = {
			isa = PBXSourcesBuildPhase;
			buildActionMask = 2147483647;
			files = (
				182AE49A2D87DA9F00B97BEA /* TestGitBotUITests.swift in Sources */,
				182AE49C2D87DA9F00B97BEA /* TestGitBotUITestsLaunchTests.swift in Sources */,
			);
			runOnlyForDeploymentPostprocessing = 0;
		};
/* End PBXSourcesBuildPhase section */

/* Begin PBXTargetDependency section */
		182AE48D2D87DA9F00B97BEA /* PBXTargetDependency */ = {
			isa = PBXTargetDependency;
			target = 182AE4742D87DA9D00B97BEA /* TestGitBot */;
			targetProxy = 182AE48C2D87DA9F00B97BEA /* PBXContainerItemProxy */;
		};
		182AE4972D87DA9F00B97BEA /* PBXTargetDependency */ = {
			isa = PBXTargetDependency;
			target = 182AE4742D87DA9D00B97BEA /* TestGitBot */;
			targetProxy = 182AE4962D87DA9F00B97BEA /* PBXContainerItemProxy */;
		};
/* End PBXTargetDependency section */

/* Begin PBXVariantGroup section */
		182AE47E2D87DA9D00B97BEA /* Main.storyboard */ = {
			isa = PBXVariantGroup;
			children = (
				182AE47F2D87DA9D00B97BEA /* Base */,
			);
			name = Main.storyboard;
			sourceTree = "<group>";
		};
		182AE4832D87DA9F00B97BEA /* LaunchScreen.storyboard */ = {
			isa = PBXVariantGroup;
			children = (
				182AE4842D87DA9F00B97BEA /* Base */,
			);
			name = LaunchScreen.storyboard;
			sourceTree = "<group>";
		};
/* End PBXVariantGroup section */

/* Begin XCBuildConfiguration section */
		182AE49D2D87DA9F00B97BEA /* Debug */ = {
			isa = XCBuildConfiguration;
			buildSettings = {
				ALWAYS_SEARCH_USER_PATHS = NO;
				ASSETCATALOG_COMPILER_GENERATE_SWIFT_ASSET_SYMBOL_EXTENSIONS = YES;
				CLANG_ANALYZER_NONNULL = YES;
				CLANG_ANALYZER_NUMBER_OBJECT_CONVERSION = YES_AGGRESSIVE;
				CLANG_CXX_LANGUAGE_STANDARD = "gnu++20";
				CLANG_ENABLE_MODULES = YES;
				CLANG_ENABLE_OBJC_ARC = YES;
				CLANG_ENABLE_OBJC_WEAK = YES;
				CLANG_WARN_BLOCK_CAPTURE_AUTORELEASING = YES;
				CLANG_WARN_BOOL_CONVERSION = YES;
				CLANG_WARN_COMMA = YES;
				CLANG_WARN_CONSTANT_CONVERSION = YES;
				CLANG_WARN_DEPRECATED_OBJC_IMPLEMENTATIONS = YES;
				CLANG_WARN_DIRECT_OBJC_ISA_USAGE = YES_ERROR;
				CLANG_WARN_DOCUMENTATION_COMMENTS = YES;
				CLANG_WARN_EMPTY_BODY = YES;
				CLANG_WARN_ENUM_CONVERSION = YES;
				CLANG_WARN_INFINITE_RECURSION = YES;
				CLANG_WARN_INT_CONVERSION = YES;
				CLANG_WARN_NON_LITERAL_NULL_CONVERSION = YES;
				CLANG_WARN_OBJC_IMPLICIT_RETAIN_SELF = YES;
				CLANG_WARN_OBJC_LITERAL_CONVERSION = YES;
				CLANG_WARN_OBJC_ROOT_CLASS = YES_ERROR;
				CLANG_WARN_QUOTED_INCLUDE_IN_FRAMEWORK_HEADER = YES;
				CLANG_WARN_RANGE_LOOP_ANALYSIS = YES;
				CLANG_WARN_STRICT_PROTOTYPES = YES;
				CLANG_WARN_SUSPICIOUS_MOVE = YES;
				CLANG_WARN_UNGUARDED_AVAILABILITY = YES_AGGRESSIVE;
				CLANG_WARN_UNREACHABLE_CODE = YES;
				CLANG_WARN__DUPLICATE_METHOD_MATCH = YES;
				COPY_PHASE_STRIP = NO;
				DEBUG_INFORMATION_FORMAT = dwarf;
				ENABLE_STRICT_OBJC_MSGSEND = YES;
				ENABLE_TESTABILITY = YES;
				ENABLE_USER_SCRIPT_SANDBOXING = YES;
				GCC_C_LANGUAGE_STANDARD = gnu17;
				GCC_DYNAMIC_NO_PIC = NO;
				GCC_NO_COMMON_BLOCKS = YES;
				GCC_OPTIMIZATION_LEVEL = 0;
				GCC_PREPROCESSOR_DEFINITIONS = (
					"DEBUG=1",
					"$(inherited)",
				);
				GCC_WARN_64_TO_32_BIT_CONVERSION = YES;
				GCC_WARN_ABOUT_RETURN_TYPE = YES_ERROR;
				GCC_WARN_UNDECLARED_SELECTOR = YES;
				GCC_WARN_UNINITIALIZED_AUTOS = YES_AGGRESSIVE;
				GCC_WARN_UNUSED_FUNCTION = YES;
				GCC_WARN_UNUSED_VARIABLE = YES;
				IPHONEOS_DEPLOYMENT_TARGET = 17.2;
				LOCALIZATION_PREFERS_STRING_CATALOGS = YES;
				MTL_ENABLE_DEBUG_INFO = INCLUDE_SOURCE;
				MTL_FAST_MATH = YES;
				ONLY_ACTIVE_ARCH = YES;
				SDKROOT = iphoneos;
				SWIFT_ACTIVE_COMPILATION_CONDITIONS = "DEBUG $(inherited)";
				SWIFT_OPTIMIZATION_LEVEL = "-Onone";
			};
			name = Debug;
		};
		182AE49E2D87DA9F00B97BEA /* Release */ = {
			isa = XCBuildConfiguration;
			buildSettings = {
				ALWAYS_SEARCH_USER_PATHS = NO;
				ASSETCATALOG_COMPILER_GENERATE_SWIFT_ASSET_SYMBOL_EXTENSIONS = YES;
				CLANG_ANALYZER_NONNULL = YES;
				CLANG_ANALYZER_NUMBER_OBJECT_CONVERSION = YES_AGGRESSIVE;
				CLANG_CXX_LANGUAGE_STANDARD = "gnu++20";
				CLANG_ENABLE_MODULES = YES;
				CLANG_ENABLE_OBJC_ARC = YES;
				CLANG_ENABLE_OBJC_WEAK = YES;
				CLANG_WARN_BLOCK_CAPTURE_AUTORELEASING = YES;
				CLANG_WARN_BOOL_CONVERSION = YES;
				CLANG_WARN_COMMA = YES;
				CLANG_WARN_CONSTANT_CONVERSION = YES;
				CLANG_WARN_DEPRECATED_OBJC_IMPLEMENTATIONS = YES;
				CLANG_WARN_DIRECT_OBJC_ISA_USAGE = YES_ERROR;
				CLANG_WARN_DOCUMENTATION_COMMENTS = YES;
				CLANG_WARN_EMPTY_BODY = YES;
				CLANG_WARN_ENUM_CONVERSION = YES;
				CLANG_WARN_INFINITE_RECURSION = YES;
				CLANG_WARN_INT_CONVERSION = YES;
				CLANG_WARN_NON_LITERAL_NULL_CONVERSION = YES;
				CLANG_WARN_OBJC_IMPLICIT_RETAIN_SELF = YES;
				CLANG_WARN_OBJC_LITERAL_CONVERSION = YES;
				CLANG_WARN_OBJC_ROOT_CLASS = YES_ERROR;
				CLANG_WARN_QUOTED_INCLUDE_IN_FRAMEWORK_HEADER = YES;
				CLANG_WARN_RANGE_LOOP_ANALYSIS = YES;
				CLANG_WARN_STRICT_PROTOTYPES = YES;
				CLANG_WARN_SUSPICIOUS_MOVE = YES;
				CLANG_WARN_UNGUARDED_AVAILABILITY = YES_AGGRESSIVE;
				CLANG_WARN_UNREACHABLE_CODE = YES;
				CLANG_WARN__DUPLICATE_METHOD_MATCH = YES;
				COPY_PHASE_STRIP = NO;
				DEBUG_INFORMATION_FORMAT = "dwarf-with-dsym";
				ENABLE_NS_ASSERTIONS = NO;
				ENABLE_STRICT_OBJC_MSGSEND = YES;
				ENABLE_USER_SCRIPT_SANDBOXING = YES;
				GCC_C_LANGUAGE_STANDARD = gnu17;
				GCC_NO_COMMON_BLOCKS = YES;
				GCC_WARN_64_TO_32_BIT_CONVERSION = YES;
				GCC_WARN_ABOUT_RETURN_TYPE = YES_ERROR;
				GCC_WARN_UNDECLARED_SELECTOR = YES;
				GCC_WARN_UNINITIALIZED_AUTOS = YES_AGGRESSIVE;
				GCC_WARN_UNUSED_FUNCTION = YES;
				GCC_WARN_UNUSED_VARIABLE = YES;
				IPHONEOS_DEPLOYMENT_TARGET = 17.2;
				LOCALIZATION_PREFERS_STRING_CATALOGS = YES;
				MTL_ENABLE_DEBUG_INFO = NO;
				MTL_FAST_MATH = YES;
				SDKROOT = iphoneos;
				SWIFT_COMPILATION_MODE = wholemodule;
				VALIDATE_PRODUCT = YES;
			};
			name = Release;
		};
		182AE4A02D87DA9F00B97BEA /* Debug */ = {
			isa = XCBuildConfiguration;
			buildSettings = {
				ASSETCATALOG_COMPILER_APPICON_NAME = AppIcon;
				ASSETCATALOG_COMPILER_GLOBAL_ACCENT_COLOR_NAME = AccentColor;
				CODE_SIGN_STYLE = Automatic;
				CURRENT_PROJECT_VERSION = 1;
				GENERATE_INFOPLIST_FILE = YES;
				INFOPLIST_FILE = TestGitBot/Info.plist;
				INFOPLIST_KEY_UIApplicationSupportsIndirectInputEvents = YES;
				INFOPLIST_KEY_UILaunchStoryboardName = LaunchScreen;
				INFOPLIST_KEY_UIMainStoryboardFile = Main;
				INFOPLIST_KEY_UISupportedInterfaceOrientations_iPad = "UIInterfaceOrientationPortrait UIInterfaceOrientationPortraitUpsideDown UIInterfaceOrientationLandscapeLeft UIInterfaceOrientationLandscapeRight";
				INFOPLIST_KEY_UISupportedInterfaceOrientations_iPhone = "UIInterfaceOrientationPortrait UIInterfaceOrientationLandscapeLeft UIInterfaceOrientationLandscapeRight";
				LD_RUNPATH_SEARCH_PATHS = (
					"$(inherited)",
					"@executable_path/Frameworks",
				);
				MARKETING_VERSION = 1.0;
				PRODUCT_BUNDLE_IDENTIFIER = com.luclg.TestGitBot;
				PRODUCT_NAME = "$(TARGET_NAME)";
				SWIFT_EMIT_LOC_STRINGS = YES;
				SWIFT_VERSION = 5.0;
				TARGETED_DEVICE_FAMILY = "1,2";
			};
			name = Debug;
		};
		182AE4A12D87DA9F00B97BEA /* Release */ = {
			isa = XCBuildConfiguration;
			buildSettings = {
				ASSETCATALOG_COMPILER_APPICON_NAME = AppIcon;
				ASSETCATALOG_COMPILER_GLOBAL_ACCENT_COLOR_NAME = AccentColor;
				CODE_SIGN_STYLE = Automatic;
				CURRENT_PROJECT_VERSION = 1;
				GENERATE_INFOPLIST_FILE = YES;
				INFOPLIST_FILE = TestGitBot/Info.plist;
				INFOPLIST_KEY_UIApplicationSupportsIndirectInputEvents = YES;
				INFOPLIST_KEY_UILaunchStoryboardName = LaunchScreen;
				INFOPLIST_KEY_UIMainStoryboardFile = Main;
				INFOPLIST_KEY_UISupportedInterfaceOrientations_iPad = "UIInterfaceOrientationPortrait UIInterfaceOrientationPortraitUpsideDown UIInterfaceOrientationLandscapeLeft UIInterfaceOrientationLandscapeRight";
				INFOPLIST_KEY_UISupportedInterfaceOrientations_iPhone = "UIInterfaceOrientationPortrait UIInterfaceOrientationLandscapeLeft UIInterfaceOrientationLandscapeRight";
				LD_RUNPATH_SEARCH_PATHS = (
					"$(inherited)",
					"@executable_path/Frameworks",
				);
				MARKETING_VERSION = 1.0;
				PRODUCT_BUNDLE_IDENTIFIER = com.luclg.TestGitBot;
				PRODUCT_NAME = "$(TARGET_NAME)";
				SWIFT_EMIT_LOC_STRINGS = YES;
				SWIFT_VERSION = 5.0;
				TARGETED_DEVICE_FAMILY = "1,2";
			};
			name = Release;
		};
		182AE4A32D87DA9F00B97BEA /* Debug */ = {
			isa = XCBuildConfiguration;
			buildSettings = {
				ALWAYS_EMBED_SWIFT_STANDARD_LIBRARIES = YES;
				BUNDLE_LOADER = "$(TEST_HOST)";
				CODE_SIGN_STYLE = Automatic;
				CURRENT_PROJECT_VERSION = 1;
				GENERATE_INFOPLIST_FILE = YES;
				IPHONEOS_DEPLOYMENT_TARGET = 17.2;
				MARKETING_VERSION = 1.0;
				PRODUCT_BUNDLE_IDENTIFIER = com.luclg.TestGitBotTests;
				PRODUCT_NAME = "$(TARGET_NAME)";
				SWIFT_EMIT_LOC_STRINGS = NO;
				SWIFT_VERSION = 5.0;
				TARGETED_DEVICE_FAMILY = "1,2";
				TEST_HOST = "$(BUILT_PRODUCTS_DIR)/TestGitBot.app/$(BUNDLE_EXECUTABLE_FOLDER_PATH)/TestGitBot";
			};
			name = Debug;
		};
		182AE4A42D87DA9F00B97BEA /* Release */ = {
			isa = XCBuildConfiguration;
			buildSettings = {
				ALWAYS_EMBED_SWIFT_STANDARD_LIBRARIES = YES;
				BUNDLE_LOADER = "$(TEST_HOST)";
				CODE_SIGN_STYLE = Automatic;
				CURRENT_PROJECT_VERSION = 1;
				GENERATE_INFOPLIST_FILE = YES;
				IPHONEOS_DEPLOYMENT_TARGET = 17.2;
				MARKETING_VERSION = 1.0;
				PRODUCT_BUNDLE_IDENTIFIER = com.luclg.TestGitBotTests;
				PRODUCT_NAME = "$(TARGET_NAME)";
				SWIFT_EMIT_LOC_STRINGS = NO;
				SWIFT_VERSION = 5.0;
				TARGETED_DEVICE_FAMILY = "1,2";
				TEST_HOST = "$(BUILT_PRODUCTS_DIR)/TestGitBot.app/$(BUNDLE_EXECUTABLE_FOLDER_PATH)/TestGitBot";
			};
			name = Release;
		};
		182AE4A62D87DA9F00B97BEA /* Debug */ = {
			isa = XCBuildConfiguration;
			buildSettings = {
				ALWAYS_EMBED_SWIFT_STANDARD_LIBRARIES = YES;
				CODE_SIGN_STYLE = Automatic;
				CURRENT_PROJECT_VERSION = 1;
				GENERATE_INFOPLIST_FILE = YES;
				MARKETING_VERSION = 1.0;
				PRODUCT_BUNDLE_IDENTIFIER = com.luclg.TestGitBotUITests;
				PRODUCT_NAME = "$(TARGET_NAME)";
				SWIFT_EMIT_LOC_STRINGS = NO;
				SWIFT_VERSION = 5.0;
				TARGETED_DEVICE_FAMILY = "1,2";
				TEST_TARGET_NAME = TestGitBot;
			};
			name = Debug;
		};
		182AE4A72D87DA9F00B97BEA /* Release */ = {
			isa = XCBuildConfiguration;
			buildSettings = {
				ALWAYS_EMBED_SWIFT_STANDARD_LIBRARIES = YES;
				CODE_SIGN_STYLE = Automatic;
				CURRENT_PROJECT_VERSION = 1;
				GENERATE_INFOPLIST_FILE = YES;
				MARKETING_VERSION = 1.0;
				PRODUCT_BUNDLE_IDENTIFIER = com.luclg.TestGitBotUITests;
				PRODUCT_NAME = "$(TARGET_NAME)";
				SWIFT_EMIT_LOC_STRINGS = NO;
				SWIFT_VERSION = 5.0;
				TARGETED_DEVICE_FAMILY = "1,2";
				TEST_TARGET_NAME = TestGitBot;
			};
			name = Release;
		};
/* End XCBuildConfiguration section */

/* Begin XCConfigurationList section */
		182AE4702D87DA9D00B97BEA /* Build configuration list for PBXProject "TestGitBot" */ = {
			isa = XCConfigurationList;
			buildConfigurations = (
				182AE49D2D87DA9F00B97BEA /* Debug */,
				182AE49E2D87DA9F00B97BEA /* Release */,
			);
			defaultConfigurationIsVisible = 0;
			defaultConfigurationName = Release;
		};
		182AE49F2D87DA9F00B97BEA /* Build configuration list for PBXNativeTarget "TestGitBot" */ = {
			isa = XCConfigurationList;
			buildConfigurations = (
				182AE4A02D87DA9F00B97BEA /* Debug */,
				182AE4A12D87DA9F00B97BEA /* Release */,
			);
			defaultConfigurationIsVisible = 0;
			defaultConfigurationName = Release;
		};
		182AE4A22D87DA9F00B97BEA /* Build configuration list for PBXNativeTarget "TestGitBotTests" */ = {
			isa = XCConfigurationList;
			buildConfigurations = (
				182AE4A32D87DA9F00B97BEA /* Debug */,
				182AE4A42D87DA9F00B97BEA /* Release */,
			);
			defaultConfigurationIsVisible = 0;
			defaultConfigurationName = Release;
		};
		182AE4A52D87DA9F00B97BEA /* Build configuration list for PBXNativeTarget "TestGitBotUITests" */ = {
			isa = XCConfigurationList;
			buildConfigurations = (
				182AE4A62D87DA9F00B97BEA /* Debug */,
				182AE4A72D87DA9F00B97BEA /* Release */,
			);
			defaultConfigurationIsVisible = 0;
			defaultConfigurationName = Release;
		};
/* End XCConfigurationList section */
	};
	rootObject = 182AE46D2D87DA9D00B97BEA /* Project object */;
}
